// !$*UTF8*$!
{
	archiveVersion = 1;
	classes = {
	};
	objectVersion = 50;
	objects = {

/* Begin PBXBuildFile section */
		137DADE62493DB6B00CAB299 /* AppDelegate.swift in Sources */ = {isa = PBXBuildFile; fileRef = 137DADE52493DB6B00CAB299 /* AppDelegate.swift */; };
		137DADE82493DB6B00CAB299 /* SceneDelegate.swift in Sources */ = {isa = PBXBuildFile; fileRef = 137DADE72493DB6B00CAB299 /* SceneDelegate.swift */; };
		137DADEA2493DB6B00CAB299 /* ViewController.swift in Sources */ = {isa = PBXBuildFile; fileRef = 137DADE92493DB6B00CAB299 /* ViewController.swift */; };
		137DADED2493DB6B00CAB299 /* Main.storyboard in Resources */ = {isa = PBXBuildFile; fileRef = 137DADEB2493DB6B00CAB299 /* Main.storyboard */; };
		137DADEF2493DB7000CAB299 /* Assets.xcassets in Resources */ = {isa = PBXBuildFile; fileRef = 137DADEE2493DB7000CAB299 /* Assets.xcassets */; };
		137DADF22493DB7000CAB299 /* LaunchScreen.storyboard in Resources */ = {isa = PBXBuildFile; fileRef = 137DADF02493DB7000CAB299 /* LaunchScreen.storyboard */; };
/* End PBXBuildFile section */

/* Begin PBXFileReference section */
		137DADE22493DB6B00CAB299 /* Unit System Conversion Practice.app */ = {isa = PBXFileReference; explicitFileType = wrapper.application; includeInIndex = 0; path = "Unit System Conversion Practice.app"; sourceTree = BUILT_PRODUCTS_DIR; };
		137DADE52493DB6B00CAB299 /* AppDelegate.swift */ = {isa = PBXFileReference; lastKnownFileType = sourcecode.swift; path = AppDelegate.swift; sourceTree = "<group>"; };
		137DADE72493DB6B00CAB299 /* SceneDelegate.swift */ = {isa = PBXFileReference; lastKnownFileType = sourcecode.swift; path = SceneDelegate.swift; sourceTree = "<group>"; };
		137DADE92493DB6B00CAB299 /* ViewController.swift */ = {isa = PBXFileReference; lastKnownFileType = sourcecode.swift; path = ViewController.swift; sourceTree = "<group>"; };
		137DADEC2493DB6B00CAB299 /* Base */ = {isa = PBXFileReference; lastKnownFileType = file.storyboard; name = Base; path = Base.lproj/Main.storyboard; sourceTree = "<group>"; };
		137DADEE2493DB7000CAB299 /* Assets.xcassets */ = {isa = PBXFileReference; lastKnownFileType = folder.assetcatalog; path = Assets.xcassets; sourceTree = "<group>"; };
		137DADF12493DB7000CAB299 /* Base */ = {isa = PBXFileReference; lastKnownFileType = file.storyboard; name = Base; path = Base.lproj/LaunchScreen.storyboard; sourceTree = "<group>"; };
		137DADF32493DB7000CAB299 /* Info.plist */ = {isa = PBXFileReference; lastKnownFileType = text.plist.xml; path = Info.plist; sourceTree = "<group>"; };
/* End PBXFileReference section */

/* Begin PBXFrameworksBuildPhase section */
		137DADDF2493DB6B00CAB299 /* Frameworks */ = {
			isa = PBXFrameworksBuildPhase;
			buildActionMask = 2147483647;
			files = (
			);
			runOnlyForDeploymentPostprocessing = 0;
		};
/* End PBXFrameworksBuildPhase section */

/* Begin PBXGroup section */
		137DADD92493DB6B00CAB299 = {
			isa = PBXGroup;
			children = (
				137DADE42493DB6B00CAB299 /* Unit System Conversion Practice */,
				137DADE32493DB6B00CAB299 /* Products */,
			);
			sourceTree = "<group>";
		};
		137DADE32493DB6B00CAB299 /* Products */ = {
			isa = PBXGroup;
			children = (
				137DADE22493DB6B00CAB299 /* Unit System Conversion Practice.app */,
			);
			name = Products;
			sourceTree = "<group>";
		};
		137DADE42493DB6B00CAB299 /* Unit System Conversion Practice */ = {
			isa = PBXGroup;
			children = (
				137DADE52493DB6B00CAB299 /* AppDelegate.swift */,
				137DADE72493DB6B00CAB299 /* SceneDelegate.swift */,
				137DADE92493DB6B00CAB299 /* ViewController.swift */,
				137DADEB2493DB6B00CAB299 /* Main.storyboard */,
				137DADEE2493DB7000CAB299 /* Assets.xcassets */,
				137DADF02493DB7000CAB299 /* LaunchScreen.storyboard */,
				137DADF32493DB7000CAB299 /* Info.plist */,
			);
			path = "Unit System Conversion Practice";
			sourceTree = "<group>";
		};
/* End PBXGroup section */

/* Begin PBXNativeTarget section */
		137DADE12493DB6B00CAB299 /* Unit System Conversion Practice */ = {
			isa = PBXNativeTarget;
			buildConfigurationList = 137DADF62493DB7000CAB299 /* Build configuration list for PBXNativeTarget "Unit System Conversion Practice" */;
			buildPhases = (
				137DADDE2493DB6B00CAB299 /* Sources */,
				137DADDF2493DB6B00CAB299 /* Frameworks */,
				137DADE02493DB6B00CAB299 /* Resources */,
			);
			buildRules = (
			);
			dependencies = (
			);
			name = "Unit System Conversion Practice";
			productName = "Unit System Conversion Practice";
			productReference = 137DADE22493DB6B00CAB299 /* Unit System Conversion Practice.app */;
			productType = "com.apple.product-type.application";
		};
/* End PBXNativeTarget section */

/* Begin PBXProject section */
		137DADDA2493DB6B00CAB299 /* Project object */ = {
			isa = PBXProject;
			attributes = {
				LastSwiftUpdateCheck = 1150;
				LastUpgradeCheck = 1150;
				ORGANIZATIONNAME = "Mike Wu";
				TargetAttributes = {
					137DADE12493DB6B00CAB299 = {
						CreatedOnToolsVersion = 11.5;
					};
				};
			};
			buildConfigurationList = 137DADDD2493DB6B00CAB299 /* Build configuration list for PBXProject "Unit System Conversion Practice" */;
			compatibilityVersion = "Xcode 9.3";
			developmentRegion = en;
			hasScannedForEncodings = 0;
			knownRegions = (
				en,
				Base,
			);
			mainGroup = 137DADD92493DB6B00CAB299;
			productRefGroup = 137DADE32493DB6B00CAB299 /* Products */;
			projectDirPath = "";
			projectRoot = "";
			targets = (
				137DADE12493DB6B00CAB299 /* Unit System Conversion Practice */,
			);
		};
/* End PBXProject section */

/* Begin PBXResourcesBuildPhase section */
		137DADE02493DB6B00CAB299 /* Resources */ = {
			isa = PBXResourcesBuildPhase;
			buildActionMask = 2147483647;
			files = (
				137DADF22493DB7000CAB299 /* LaunchScreen.storyboard in Resources */,
				137DADEF2493DB7000CAB299 /* Assets.xcassets in Resources */,
				137DADED2493DB6B00CAB299 /* Main.storyboard in Resources */,
			);
			runOnlyForDeploymentPostprocessing = 0;
		};
/* End PBXResourcesBuildPhase section */

/* Begin PBXSourcesBuildPhase section */
		137DADDE2493DB6B00CAB299 /* Sources */ = {
			isa = PBXSourcesBuildPhase;
			buildActionMask = 2147483647;
			files = (
				137DADEA2493DB6B00CAB299 /* ViewController.swift in Sources */,
				137DADE62493DB6B00CAB299 /* AppDelegate.swift in Sources */,
				137DADE82493DB6B00CAB299 /* SceneDelegate.swift in Sources */,
			);
			runOnlyForDeploymentPostprocessing = 0;
		};
/* End PBXSourcesBuildPhase section */

/* Begin PBXVariantGroup section */
		137DADEB2493DB6B00CAB299 /* Main.storyboard */ = {
			isa = PBXVariantGroup;
			children = (
				137DADEC2493DB6B00CAB299 /* Base */,
			);
			name = Main.storyboard;
			sourceTree = "<group>";
		};
		137DADF02493DB7000CAB299 /* LaunchScreen.storyboard */ = {
			isa = PBXVariantGroup;
			children = (
				137DADF12493DB7000CAB299 /* Base */,
			);
			name = LaunchScreen.storyboard;
			sourceTree = "<group>";
		};
/* End PBXVariantGroup section */

/* Begin XCBuildConfiguration section */
		137DADF42493DB7000CAB299 /* Debug */ = {
			isa = XCBuildConfiguration;
			buildSettings = {
				ALWAYS_SEARCH_USER_PATHS = NO;
				CLANG_ANALYZER_NONNULL = YES;
				CLANG_ANALYZER_NUMBER_OBJECT_CONVERSION = YES_AGGRESSIVE;
				CLANG_CXX_LANGUAGE_STANDARD = "gnu++14";
				CLANG_CXX_LIBRARY = "libc++";
				CLANG_ENABLE_MODULES = YES;
				CLANG_ENABLE_OBJC_ARC = YES;
				CLANG_ENABLE_OBJC_WEAK = YES;
				CLANG_WARN_BLOCK_CAPTURE_AUTORELEASING = YES;
				CLANG_WARN_BOOL_CONVERSION = YES;
				CLANG_WARN_COMMA = YES;
				CLANG_WARN_CONSTANT_CONVERSION = YES;
				CLANG_WARN_DEPRECATED_OBJC_IMPLEMENTATIONS = YES;
				CLANG_WARN_DIRECT_OBJC_ISA_USAGE = YES_ERROR;
				CLANG_WARN_DOCUMENTATION_COMMENTS = YES;
				CLANG_WARN_EMPTY_BODY = YES;
				CLANG_WARN_ENUM_CONVERSION = YES;
				CLANG_WARN_INFINITE_RECURSION = YES;
				CLANG_WARN_INT_CONVERSION = YES;
				CLANG_WARN_NON_LITERAL_NULL_CONVERSION = YES;
				CLANG_WARN_OBJC_IMPLICIT_RETAIN_SELF = YES;
				CLANG_WARN_OBJC_LITERAL_CONVERSION = YES;
				CLANG_WARN_OBJC_ROOT_CLASS = YES_ERROR;
				CLANG_WARN_RANGE_LOOP_ANALYSIS = YES;
				CLANG_WARN_STRICT_PROTOTYPES = YES;
				CLANG_WARN_SUSPICIOUS_MOVE = YES;
				CLANG_WARN_UNGUARDED_AVAILABILITY = YES_AGGRESSIVE;
				CLANG_WARN_UNREACHABLE_CODE = YES;
				CLANG_WARN__DUPLICATE_METHOD_MATCH = YES;
				COPY_PHASE_STRIP = NO;
				DEBUG_INFORMATION_FORMAT = dwarf;
				ENABLE_STRICT_OBJC_MSGSEND = YES;
				ENABLE_TESTABILITY = YES;
				GCC_C_LANGUAGE_STANDARD = gnu11;
				GCC_DYNAMIC_NO_PIC = NO;
				GCC_NO_COMMON_BLOCKS = YES;
				GCC_OPTIMIZATION_LEVEL = 0;
				GCC_PREPROCESSOR_DEFINITIONS = (
					"DEBUG=1",
					"$(inherited)",
				);
				GCC_WARN_64_TO_32_BIT_CONVERSION = YES;
				GCC_WARN_ABOUT_RETURN_TYPE = YES_ERROR;
				GCC_WARN_UNDECLARED_SELECTOR = YES;
				GCC_WARN_UNINITIALIZED_AUTOS = YES_AGGRESSIVE;
				GCC_WARN_UNUSED_FUNCTION = YES;
				GCC_WARN_UNUSED_VARIABLE = YES;
				IPHONEOS_DEPLOYMENT_TARGET = 13.5;
				MTL_ENABLE_DEBUG_INFO = INCLUDE_SOURCE;
				MTL_FAST_MATH = YES;
				ONLY_ACTIVE_ARCH = YES;
				SDKROOT = iphoneos;
				SWIFT_ACTIVE_COMPILATION_CONDITIONS = DEBUG;
				SWIFT_OPTIMIZATION_LEVEL = "-Onone";
			};
			name = Debug;
		};
		137DADF52493DB7000CAB299 /* Release */ = {
			isa = XCBuildConfiguration;
			buildSettings = {
				ALWAYS_SEARCH_USER_PATHS = NO;
				CLANG_ANALYZER_NONNULL = YES;
				CLANG_ANALYZER_NUMBER_OBJECT_CONVERSION = YES_AGGRESSIVE;
				CLANG_CXX_LANGUAGE_STANDARD = "gnu++14";
				CLANG_CXX_LIBRARY = "libc++";
				CLANG_ENABLE_MODULES = YES;
				CLANG_ENABLE_OBJC_ARC = YES;
				CLANG_ENABLE_OBJC_WEAK = YES;
				CLANG_WARN_BLOCK_CAPTURE_AUTORELEASING = YES;
				CLANG_WARN_BOOL_CONVERSION = YES;
				CLANG_WARN_COMMA = YES;
				CLANG_WARN_CONSTANT_CONVERSION = YES;
				CLANG_WARN_DEPRECATED_OBJC_IMPLEMENTATIONS = YES;
				CLANG_WARN_DIRECT_OBJC_ISA_USAGE = YES_ERROR;
				CLANG_WARN_DOCUMENTATION_COMMENTS = YES;
				CLANG_WARN_EMPTY_BODY = YES;
				CLANG_WARN_ENUM_CONVERSION = YES;
				CLANG_WARN_INFINITE_RECURSION = YES;
				CLANG_WARN_INT_CONVERSION = YES;
				CLANG_WARN_NON_LITERAL_NULL_CONVERSION = YES;
				CLANG_WARN_OBJC_IMPLICIT_RETAIN_SELF = YES;
				CLANG_WARN_OBJC_LITERAL_CONVERSION = YES;
				CLANG_WARN_OBJC_ROOT_CLASS = YES_ERROR;
				CLANG_WARN_RANGE_LOOP_ANALYSIS = YES;
				CLANG_WARN_STRICT_PROTOTYPES = YES;
				CLANG_WARN_SUSPICIOUS_MOVE = YES;
				CLANG_WARN_UNGUARDED_AVAILABILITY = YES_AGGRESSIVE;
				CLANG_WARN_UNREACHABLE_CODE = YES;
				CLANG_WARN__DUPLICATE_METHOD_MATCH = YES;
				COPY_PHASE_STRIP = NO;
				DEBUG_INFORMATION_FORMAT = "dwarf-with-dsym";
				ENABLE_NS_ASSERTIONS = NO;
				ENABLE_STRICT_OBJC_MSGSEND = YES;
				GCC_C_LANGUAGE_STANDARD = gnu11;
				GCC_NO_COMMON_BLOCKS = YES;
				GCC_WARN_64_TO_32_BIT_CONVERSION = YES;
				GCC_WARN_ABOUT_RETURN_TYPE = YES_ERROR;
				GCC_WARN_UNDECLARED_SELECTOR = YES;
				GCC_WARN_UNINITIALIZED_AUTOS = YES_AGGRESSIVE;
				GCC_WARN_UNUSED_FUNCTION = YES;
				GCC_WARN_UNUSED_VARIABLE = YES;
				IPHONEOS_DEPLOYMENT_TARGET = 13.5;
				MTL_ENABLE_DEBUG_INFO = NO;
				MTL_FAST_MATH = YES;
				SDKROOT = iphoneos;
				SWIFT_COMPILATION_MODE = wholemodule;
				SWIFT_OPTIMIZATION_LEVEL = "-O";
				VALIDATE_PRODUCT = YES;
			};
			name = Release;
		};
		137DADF72493DB7000CAB299 /* Debug */ = {
			isa = XCBuildConfiguration;
			buildSettings = {
				ASSETCATALOG_COMPILER_APPICON_NAME = AppIcon;
				CODE_SIGN_STYLE = Automatic;
				DEVELOPMENT_TEAM = 2TBNYM876W;
				INFOPLIST_FILE = "Unit System Conversion Practice/Info.plist";
				LD_RUNPATH_SEARCH_PATHS = (
					"$(inherited)",
					"@executable_path/Frameworks",
				);
				PRODUCT_BUNDLE_IDENTIFIER = "com.AngieMoneyMike.Unit-System-Conversion-Practice";
				PRODUCT_NAME = "$(TARGET_NAME)";
				SWIFT_VERSION = 5.0;
				TARGETED_DEVICE_FAMILY = "1,2";
			};
			name = Debug;
		};
		137DADF82493DB7000CAB299 /* Release */ = {
			isa = XCBuildConfiguration;
			buildSettings = {
				ASSETCATALOG_COMPILER_APPICON_NAME = AppIcon;
				CODE_SIGN_STYLE = Automatic;
				DEVELOPMENT_TEAM = 2TBNYM876W;
				INFOPLIST_FILE = "Unit System Conversion Practice/Info.plist";
				LD_RUNPATH_SEARCH_PATHS = (
					"$(inherited)",
					"@executable_path/Frameworks",
				);
				PRODUCT_BUNDLE_IDENTIFIER = "com.AngieMoneyMike.Unit-System-Conversion-Practice";
				PRODUCT_NAME = "$(TARGET_NAME)";
				SWIFT_VERSION = 5.0;
				TARGETED_DEVICE_FAMILY = "1,2";
			};
			name = Release;
		};
/* End XCBuildConfiguration section */

/* Begin XCConfigurationList section */
		137DADDD2493DB6B00CAB299 /* Build configuration list for PBXProject "Unit System Conversion Practice" */ = {
			isa = XCConfigurationList;
			buildConfigurations = (
				137DADF42493DB7000CAB299 /* Debug */,
				137DADF52493DB7000CAB299 /* Release */,
			);
			defaultConfigurationIsVisible = 0;
			defaultConfigurationName = Release;
		};
		137DADF62493DB7000CAB299 /* Build configuration list for PBXNativeTarget "Unit System Conversion Practice" */ = {
			isa = XCConfigurationList;
			buildConfigurations = (
				137DADF72493DB7000CAB299 /* Debug */,
				137DADF82493DB7000CAB299 /* Release */,
			);
			defaultConfigurationIsVisible = 0;
			defaultConfigurationName = Release;
		};
/* End XCConfigurationList section */
	};
	rootObject = 137DADDA2493DB6B00CAB299 /* Project object */;
}
